# THIS IS AN AUTOGENERATED FILE. DO NOT EDIT THIS FILE DIRECTLY.
# yarn lockfile v1


preact-render-to-string@^5.1.4:
  version "5.1.10"
  resolved "https://registry.yarnpkg.com/preact-render-to-string/-/preact-render-to-string-5.1.10.tgz#cce03d73b166c550148af9dedc9e06fdf6820f8a"
  integrity sha512-40svy7NDe5Qe0ymdsIC11f0hZb05MeTSUqqIaWJ5DEFCh/sF86KcpRW0kN/ymGYDVVUCfv9qFrVuLCXR7aQxgQ==
  dependencies:
    pretty-format "^3.8.0"

preact@^10.3.2:
  version "10.4.8"
  resolved "https://registry.yarnpkg.com/preact/-/preact-10.4.8.tgz#8517b106cc5591eb675237c93da99ac052cf4756"
  integrity sha512-uVLeEAyRsCkUEFhVHlOu17OxcrwC7+hTGZ08kBoLBiGHiZooUZuibQnphgMKftw/rqYntNMyhVCPqQhcyAGHag==

prettier@^2.1.1:
  version "2.1.1"
  resolved "https://registry.yarnpkg.com/prettier/-/prettier-2.1.1.tgz#d9485dd5e499daa6cb547023b87a6cf51bee37d6"
  integrity sha512-9bY+5ZWCfqj3ghYBLxApy2zf6m+NJo5GzmLTpr9FsApsfjriNnS2dahWReHMi7qNPhhHl9SYHJs2cHZLgexNIw==

pretty-format@^3.8.0:
  version "3.8.0"
  resolved "https://registry.yarnpkg.com/pretty-format/-/pretty-format-3.8.0.tgz#bfbed56d5e9a776645f4b1ff7aa1a3ac4fa3c385"
  integrity sha1-v77VbV6ad2ZF9LH/eqGjrE+jw4U=
